// !$*UTF8*$!
{
	archiveVersion = 1;
	classes = {
	};
	objectVersion = 50;
	objects = {

/* Begin PBXBuildFile section */
		1F29FF492391B289008A0F48 /* AppDelegate.swift in Sources */ = {isa = PBXBuildFile; fileRef = 1F29FF482391B289008A0F48 /* AppDelegate.swift */; };
		1F29FF4B2391B289008A0F48 /* SceneDelegate.swift in Sources */ = {isa = PBXBuildFile; fileRef = 1F29FF4A2391B289008A0F48 /* SceneDelegate.swift */; };
		1F29FF502391B289008A0F48 /* Main.storyboard in Resources */ = {isa = PBXBuildFile; fileRef = 1F29FF4E2391B289008A0F48 /* Main.storyboard */; };
		1F29FF522391B28A008A0F48 /* Assets.xcassets in Resources */ = {isa = PBXBuildFile; fileRef = 1F29FF512391B28A008A0F48 /* Assets.xcassets */; };
		1F29FF552391B28A008A0F48 /* LaunchScreen.storyboard in Resources */ = {isa = PBXBuildFile; fileRef = 1F29FF532391B28A008A0F48 /* LaunchScreen.storyboard */; };
		1F29FF602391B28A008A0F48 /* Field_SurveyTests.swift in Sources */ = {isa = PBXBuildFile; fileRef = 1F29FF5F2391B28A008A0F48 /* Field_SurveyTests.swift */; };
		1F29FF6B2391B28A008A0F48 /* Field_SurveyUITests.swift in Sources */ = {isa = PBXBuildFile; fileRef = 1F29FF6A2391B28A008A0F48 /* Field_SurveyUITests.swift */; };
		1F29FF792391C373008A0F48 /* FieldObservationsViewController.swift in Sources */ = {isa = PBXBuildFile; fileRef = 1F29FF782391C373008A0F48 /* FieldObservationsViewController.swift */; };
		1F29FF7B2391C3BD008A0F48 /* ObservationDetailsViewController.swift in Sources */ = {isa = PBXBuildFile; fileRef = 1F29FF7A2391C3BD008A0F48 /* ObservationDetailsViewController.swift */; };
		1F29FF7E2391CA72008A0F48 /* FieldObservation.swift in Sources */ = {isa = PBXBuildFile; fileRef = 1F29FF7D2391CA72008A0F48 /* FieldObservation.swift */; };
		1F29FF812391CC39008A0F48 /* FieldObservationLoader.swift in Sources */ = {isa = PBXBuildFile; fileRef = 1F29FF802391CC39008A0F48 /* FieldObservationLoader.swift */; };
		1F29FF832391D1B6008A0F48 /* FieldObservationTableViewCell.swift in Sources */ = {isa = PBXBuildFile; fileRef = 1F29FF822391D1B6008A0F48 /* FieldObservationTableViewCell.swift */; };
/* End PBXBuildFile section */

/* Begin PBXContainerItemProxy section */
		1F29FF5C2391B28A008A0F48 /* PBXContainerItemProxy */ = {
			isa = PBXContainerItemProxy;
			containerPortal = 1F29FF3D2391B289008A0F48 /* Project object */;
			proxyType = 1;
			remoteGlobalIDString = 1F29FF442391B289008A0F48;
			remoteInfo = "Field Survey";
		};
		1F29FF672391B28A008A0F48 /* PBXContainerItemProxy */ = {
			isa = PBXContainerItemProxy;
			containerPortal = 1F29FF3D2391B289008A0F48 /* Project object */;
			proxyType = 1;
			remoteGlobalIDString = 1F29FF442391B289008A0F48;
			remoteInfo = "Field Survey";
		};
/* End PBXContainerItemProxy section */

/* Begin PBXFileReference section */
		1F29FF452391B289008A0F48 /* Field Survey.app */ = {isa = PBXFileReference; explicitFileType = wrapper.application; includeInIndex = 0; path = "Field Survey.app"; sourceTree = BUILT_PRODUCTS_DIR; };
		1F29FF482391B289008A0F48 /* AppDelegate.swift */ = {isa = PBXFileReference; lastKnownFileType = sourcecode.swift; path = AppDelegate.swift; sourceTree = "<group>"; };
		1F29FF4A2391B289008A0F48 /* SceneDelegate.swift */ = {isa = PBXFileReference; lastKnownFileType = sourcecode.swift; path = SceneDelegate.swift; sourceTree = "<group>"; };
		1F29FF4F2391B289008A0F48 /* Base */ = {isa = PBXFileReference; lastKnownFileType = file.storyboard; name = Base; path = Base.lproj/Main.storyboard; sourceTree = "<group>"; };
		1F29FF512391B28A008A0F48 /* Assets.xcassets */ = {isa = PBXFileReference; lastKnownFileType = folder.assetcatalog; path = Assets.xcassets; sourceTree = "<group>"; };
		1F29FF542391B28A008A0F48 /* Base */ = {isa = PBXFileReference; lastKnownFileType = file.storyboard; name = Base; path = Base.lproj/LaunchScreen.storyboard; sourceTree = "<group>"; };
		1F29FF562391B28A008A0F48 /* Info.plist */ = {isa = PBXFileReference; lastKnownFileType = text.plist.xml; path = Info.plist; sourceTree = "<group>"; };
		1F29FF5B2391B28A008A0F48 /* Field SurveyTests.xctest */ = {isa = PBXFileReference; explicitFileType = wrapper.cfbundle; includeInIndex = 0; path = "Field SurveyTests.xctest"; sourceTree = BUILT_PRODUCTS_DIR; };
		1F29FF5F2391B28A008A0F48 /* Field_SurveyTests.swift */ = {isa = PBXFileReference; lastKnownFileType = sourcecode.swift; path = Field_SurveyTests.swift; sourceTree = "<group>"; };
		1F29FF612391B28A008A0F48 /* Info.plist */ = {isa = PBXFileReference; lastKnownFileType = text.plist.xml; path = Info.plist; sourceTree = "<group>"; };
		1F29FF662391B28A008A0F48 /* Field SurveyUITests.xctest */ = {isa = PBXFileReference; explicitFileType = wrapper.cfbundle; includeInIndex = 0; path = "Field SurveyUITests.xctest"; sourceTree = BUILT_PRODUCTS_DIR; };
		1F29FF6A2391B28A008A0F48 /* Field_SurveyUITests.swift */ = {isa = PBXFileReference; lastKnownFileType = sourcecode.swift; path = Field_SurveyUITests.swift; sourceTree = "<group>"; };
		1F29FF6C2391B28A008A0F48 /* Info.plist */ = {isa = PBXFileReference; lastKnownFileType = text.plist.xml; path = Info.plist; sourceTree = "<group>"; };
		1F29FF782391C373008A0F48 /* FieldObservationsViewController.swift */ = {isa = PBXFileReference; lastKnownFileType = sourcecode.swift; path = FieldObservationsViewController.swift; sourceTree = "<group>"; };
		1F29FF7A2391C3BD008A0F48 /* ObservationDetailsViewController.swift */ = {isa = PBXFileReference; lastKnownFileType = sourcecode.swift; path = ObservationDetailsViewController.swift; sourceTree = "<group>"; };
		1F29FF7D2391CA72008A0F48 /* FieldObservation.swift */ = {isa = PBXFileReference; lastKnownFileType = sourcecode.swift; path = FieldObservation.swift; sourceTree = "<group>"; };
		1F29FF7F2391CBE7008A0F48 /* field_observations.json */ = {isa = PBXFileReference; lastKnownFileType = text.json; path = field_observations.json; sourceTree = "<group>"; };
		1F29FF802391CC39008A0F48 /* FieldObservationLoader.swift */ = {isa = PBXFileReference; lastKnownFileType = sourcecode.swift; path = FieldObservationLoader.swift; sourceTree = "<group>"; };
		1F29FF822391D1B6008A0F48 /* FieldObservationTableViewCell.swift */ = {isa = PBXFileReference; lastKnownFileType = sourcecode.swift; path = FieldObservationTableViewCell.swift; sourceTree = "<group>"; };
/* End PBXFileReference section */

/* Begin PBXFrameworksBuildPhase section */
		1F29FF422391B289008A0F48 /* Frameworks */ = {
			isa = PBXFrameworksBuildPhase;
			buildActionMask = 2147483647;
			files = (
			);
			runOnlyForDeploymentPostprocessing = 0;
		};
		1F29FF582391B28A008A0F48 /* Frameworks */ = {
			isa = PBXFrameworksBuildPhase;
			buildActionMask = 2147483647;
			files = (
			);
			runOnlyForDeploymentPostprocessing = 0;
		};
		1F29FF632391B28A008A0F48 /* Frameworks */ = {
			isa = PBXFrameworksBuildPhase;
			buildActionMask = 2147483647;
			files = (
			);
			runOnlyForDeploymentPostprocessing = 0;
		};
/* End PBXFrameworksBuildPhase section */

/* Begin PBXGroup section */
		1F29FF3C2391B289008A0F48 = {
			isa = PBXGroup;
			children = (
				1F29FF472391B289008A0F48 /* Field Survey */,
				1F29FF5E2391B28A008A0F48 /* Field SurveyTests */,
				1F29FF692391B28A008A0F48 /* Field SurveyUITests */,
				1F29FF462391B289008A0F48 /* Products */,
			);
			sourceTree = "<group>";
		};
		1F29FF462391B289008A0F48 /* Products */ = {
			isa = PBXGroup;
			children = (
				1F29FF452391B289008A0F48 /* Field Survey.app */,
				1F29FF5B2391B28A008A0F48 /* Field SurveyTests.xctest */,
				1F29FF662391B28A008A0F48 /* Field SurveyUITests.xctest */,
			);
			name = Products;
			sourceTree = "<group>";
		};
		1F29FF472391B289008A0F48 /* Field Survey */ = {
			isa = PBXGroup;
			children = (
				1F29FF7C2391CA43008A0F48 /* Model */,
				1F29FF482391B289008A0F48 /* AppDelegate.swift */,
				1F29FF4A2391B289008A0F48 /* SceneDelegate.swift */,
				1F29FF4E2391B289008A0F48 /* Main.storyboard */,
				1F29FF512391B28A008A0F48 /* Assets.xcassets */,
				1F29FF532391B28A008A0F48 /* LaunchScreen.storyboard */,
				1F29FF562391B28A008A0F48 /* Info.plist */,
				1F29FF782391C373008A0F48 /* FieldObservationsViewController.swift */,
				1F29FF7A2391C3BD008A0F48 /* ObservationDetailsViewController.swift */,
				1F29FF822391D1B6008A0F48 /* FieldObservationTableViewCell.swift */,
			);
			path = "Field Survey";
			sourceTree = "<group>";
		};
		1F29FF5E2391B28A008A0F48 /* Field SurveyTests */ = {
			isa = PBXGroup;
			children = (
				1F29FF5F2391B28A008A0F48 /* Field_SurveyTests.swift */,
				1F29FF612391B28A008A0F48 /* Info.plist */,
			);
			path = "Field SurveyTests";
			sourceTree = "<group>";
		};
		1F29FF692391B28A008A0F48 /* Field SurveyUITests */ = {
			isa = PBXGroup;
			children = (
				1F29FF6A2391B28A008A0F48 /* Field_SurveyUITests.swift */,
				1F29FF6C2391B28A008A0F48 /* Info.plist */,
			);
			path = "Field SurveyUITests";
			sourceTree = "<group>";
		};
		1F29FF7C2391CA43008A0F48 /* Model */ = {
			isa = PBXGroup;
			children = (
				1F29FF7D2391CA72008A0F48 /* FieldObservation.swift */,
				1F29FF7F2391CBE7008A0F48 /* field_observations.json */,
				1F29FF802391CC39008A0F48 /* FieldObservationLoader.swift */,
			);
			path = Model;
			sourceTree = "<group>";
		};
/* End PBXGroup section */

/* Begin PBXNativeTarget section */
		1F29FF442391B289008A0F48 /* Field Survey */ = {
			isa = PBXNativeTarget;
			buildConfigurationList = 1F29FF6F2391B28A008A0F48 /* Build configuration list for PBXNativeTarget "Field Survey" */;
			buildPhases = (
				1F29FF412391B289008A0F48 /* Sources */,
				1F29FF422391B289008A0F48 /* Frameworks */,
				1F29FF432391B289008A0F48 /* Resources */,
			);
			buildRules = (
			);
			dependencies = (
			);
			name = "Field Survey";
			productName = "Field Survey";
			productReference = 1F29FF452391B289008A0F48 /* Field Survey.app */;
			productType = "com.apple.product-type.application";
		};
		1F29FF5A2391B28A008A0F48 /* Field SurveyTests */ = {
			isa = PBXNativeTarget;
			buildConfigurationList = 1F29FF722391B28A008A0F48 /* Build configuration list for PBXNativeTarget "Field SurveyTests" */;
			buildPhases = (
				1F29FF572391B28A008A0F48 /* Sources */,
				1F29FF582391B28A008A0F48 /* Frameworks */,
				1F29FF592391B28A008A0F48 /* Resources */,
			);
			buildRules = (
			);
			dependencies = (
				1F29FF5D2391B28A008A0F48 /* PBXTargetDependency */,
			);
			name = "Field SurveyTests";
			productName = "Field SurveyTests";
			productReference = 1F29FF5B2391B28A008A0F48 /* Field SurveyTests.xctest */;
			productType = "com.apple.product-type.bundle.unit-test";
		};
		1F29FF652391B28A008A0F48 /* Field SurveyUITests */ = {
			isa = PBXNativeTarget;
			buildConfigurationList = 1F29FF752391B28A008A0F48 /* Build configuration list for PBXNativeTarget "Field SurveyUITests" */;
			buildPhases = (
				1F29FF622391B28A008A0F48 /* Sources */,
				1F29FF632391B28A008A0F48 /* Frameworks */,
				1F29FF642391B28A008A0F48 /* Resources */,
			);
			buildRules = (
			);
			dependencies = (
				1F29FF682391B28A008A0F48 /* PBXTargetDependency */,
			);
			name = "Field SurveyUITests";
			productName = "Field SurveyUITests";
			productReference = 1F29FF662391B28A008A0F48 /* Field SurveyUITests.xctest */;
			productType = "com.apple.product-type.bundle.ui-testing";
		};
/* End PBXNativeTarget section */

/* Begin PBXProject section */
		1F29FF3D2391B289008A0F48 /* Project object */ = {
			isa = PBXProject;
			attributes = {
				LastSwiftUpdateCheck = 1120;
				LastUpgradeCheck = 1120;
				ORGANIZATIONNAME = "Travis Agne";
				TargetAttributes = {
					1F29FF442391B289008A0F48 = {
						CreatedOnToolsVersion = 11.2.1;
					};
					1F29FF5A2391B28A008A0F48 = {
						CreatedOnToolsVersion = 11.2.1;
						TestTargetID = 1F29FF442391B289008A0F48;
					};
					1F29FF652391B28A008A0F48 = {
						CreatedOnToolsVersion = 11.2.1;
						TestTargetID = 1F29FF442391B289008A0F48;
					};
				};
			};
			buildConfigurationList = 1F29FF402391B289008A0F48 /* Build configuration list for PBXProject "Field Survey" */;
			compatibilityVersion = "Xcode 9.3";
			developmentRegion = en;
			hasScannedForEncodings = 0;
			knownRegions = (
				en,
				Base,
			);
			mainGroup = 1F29FF3C2391B289008A0F48;
			productRefGroup = 1F29FF462391B289008A0F48 /* Products */;
			projectDirPath = "";
			projectRoot = "";
			targets = (
				1F29FF442391B289008A0F48 /* Field Survey */,
				1F29FF5A2391B28A008A0F48 /* Field SurveyTests */,
				1F29FF652391B28A008A0F48 /* Field SurveyUITests */,
			);
		};
/* End PBXProject section */

/* Begin PBXResourcesBuildPhase section */
		1F29FF432391B289008A0F48 /* Resources */ = {
			isa = PBXResourcesBuildPhase;
			buildActionMask = 2147483647;
			files = (
				1F29FF552391B28A008A0F48 /* LaunchScreen.storyboard in Resources */,
				1F29FF522391B28A008A0F48 /* Assets.xcassets in Resources */,
				1F29FF502391B289008A0F48 /* Main.storyboard in Resources */,
			);
			runOnlyForDeploymentPostprocessing = 0;
		};
		1F29FF592391B28A008A0F48 /* Resources */ = {
			isa = PBXResourcesBuildPhase;
			buildActionMask = 2147483647;
			files = (
			);
			runOnlyForDeploymentPostprocessing = 0;
		};
		1F29FF642391B28A008A0F48 /* Resources */ = {
			isa = PBXResourcesBuildPhase;
			buildActionMask = 2147483647;
			files = (
			);
			runOnlyForDeploymentPostprocessing = 0;
		};
/* End PBXResourcesBuildPhase section */

/* Begin PBXSourcesBuildPhase section */
		1F29FF412391B289008A0F48 /* Sources */ = {
			isa = PBXSourcesBuildPhase;
			buildActionMask = 2147483647;
			files = (
				1F29FF812391CC39008A0F48 /* FieldObservationLoader.swift in Sources */,
				1F29FF7E2391CA72008A0F48 /* FieldObservation.swift in Sources */,
				1F29FF492391B289008A0F48 /* AppDelegate.swift in Sources */,
				1F29FF4B2391B289008A0F48 /* SceneDelegate.swift in Sources */,
				1F29FF7B2391C3BD008A0F48 /* ObservationDetailsViewController.swift in Sources */,
				1F29FF792391C373008A0F48 /* FieldObservationsViewController.swift in Sources */,
				1F29FF832391D1B6008A0F48 /* FieldObservationTableViewCell.swift in Sources */,
			);
			runOnlyForDeploymentPostprocessing = 0;
		};
		1F29FF572391B28A008A0F48 /* Sources */ = {
			isa = PBXSourcesBuildPhase;
			buildActionMask = 2147483647;
			files = (
				1F29FF602391B28A008A0F48 /* Field_SurveyTests.swift in Sources */,
			);
			runOnlyForDeploymentPostprocessing = 0;
		};
		1F29FF622391B28A008A0F48 /* Sources */ = {
			isa = PBXSourcesBuildPhase;
			buildActionMask = 2147483647;
			files = (
				1F29FF6B2391B28A008A0F48 /* Field_SurveyUITests.swift in Sources */,
			);
			runOnlyForDeploymentPostprocessing = 0;
		};
/* End PBXSourcesBuildPhase section */

/* Begin PBXTargetDependency section */
		1F29FF5D2391B28A008A0F48 /* PBXTargetDependency */ = {
			isa = PBXTargetDependency;
			target = 1F29FF442391B289008A0F48 /* Field Survey */;
			targetProxy = 1F29FF5C2391B28A008A0F48 /* PBXContainerItemProxy */;
		};
		1F29FF682391B28A008A0F48 /* PBXTargetDependency */ = {
			isa = PBXTargetDependency;
			target = 1F29FF442391B289008A0F48 /* Field Survey */;
			targetProxy = 1F29FF672391B28A008A0F48 /* PBXContainerItemProxy */;
		};
/* End PBXTargetDependency section */

/* Begin PBXVariantGroup section */
		1F29FF4E2391B289008A0F48 /* Main.storyboard */ = {
			isa = PBXVariantGroup;
			children = (
				1F29FF4F2391B289008A0F48 /* Base */,
			);
			name = Main.storyboard;
			sourceTree = "<group>";
		};
		1F29FF532391B28A008A0F48 /* LaunchScreen.storyboard */ = {
			isa = PBXVariantGroup;
			children = (
				1F29FF542391B28A008A0F48 /* Base */,
			);
			name = LaunchScreen.storyboard;
			sourceTree = "<group>";
		};
/* End PBXVariantGroup section */

/* Begin XCBuildConfiguration section */
		1F29FF6D2391B28A008A0F48 /* Debug */ = {
			isa = XCBuildConfiguration;
			buildSettings = {
				ALWAYS_SEARCH_USER_PATHS = NO;
				CLANG_ANALYZER_NONNULL = YES;
				CLANG_ANALYZER_NUMBER_OBJECT_CONVERSION = YES_AGGRESSIVE;
				CLANG_CXX_LANGUAGE_STANDARD = "gnu++14";
				CLANG_CXX_LIBRARY = "libc++";
				CLANG_ENABLE_MODULES = YES;
				CLANG_ENABLE_OBJC_ARC = YES;
				CLANG_ENABLE_OBJC_WEAK = YES;
				CLANG_WARN_BLOCK_CAPTURE_AUTORELEASING = YES;
				CLANG_WARN_BOOL_CONVERSION = YES;
				CLANG_WARN_COMMA = YES;
				CLANG_WARN_CONSTANT_CONVERSION = YES;
				CLANG_WARN_DEPRECATED_OBJC_IMPLEMENTATIONS = YES;
				CLANG_WARN_DIRECT_OBJC_ISA_USAGE = YES_ERROR;
				CLANG_WARN_DOCUMENTATION_COMMENTS = YES;
				CLANG_WARN_EMPTY_BODY = YES;
				CLANG_WARN_ENUM_CONVERSION = YES;
				CLANG_WARN_INFINITE_RECURSION = YES;
				CLANG_WARN_INT_CONVERSION = YES;
				CLANG_WARN_NON_LITERAL_NULL_CONVERSION = YES;
				CLANG_WARN_OBJC_IMPLICIT_RETAIN_SELF = YES;
				CLANG_WARN_OBJC_LITERAL_CONVERSION = YES;
				CLANG_WARN_OBJC_ROOT_CLASS = YES_ERROR;
				CLANG_WARN_RANGE_LOOP_ANALYSIS = YES;
				CLANG_WARN_STRICT_PROTOTYPES = YES;
				CLANG_WARN_SUSPICIOUS_MOVE = YES;
				CLANG_WARN_UNGUARDED_AVAILABILITY = YES_AGGRESSIVE;
				CLANG_WARN_UNREACHABLE_CODE = YES;
				CLANG_WARN__DUPLICATE_METHOD_MATCH = YES;
				COPY_PHASE_STRIP = NO;
				DEBUG_INFORMATION_FORMAT = dwarf;
				ENABLE_STRICT_OBJC_MSGSEND = YES;
				ENABLE_TESTABILITY = YES;
				GCC_C_LANGUAGE_STANDARD = gnu11;
				GCC_DYNAMIC_NO_PIC = NO;
				GCC_NO_COMMON_BLOCKS = YES;
				GCC_OPTIMIZATION_LEVEL = 0;
				GCC_PREPROCESSOR_DEFINITIONS = (
					"DEBUG=1",
					"$(inherited)",
				);
				GCC_WARN_64_TO_32_BIT_CONVERSION = YES;
				GCC_WARN_ABOUT_RETURN_TYPE = YES_ERROR;
				GCC_WARN_UNDECLARED_SELECTOR = YES;
				GCC_WARN_UNINITIALIZED_AUTOS = YES_AGGRESSIVE;
				GCC_WARN_UNUSED_FUNCTION = YES;
				GCC_WARN_UNUSED_VARIABLE = YES;
				IPHONEOS_DEPLOYMENT_TARGET = 13.2;
				MTL_ENABLE_DEBUG_INFO = INCLUDE_SOURCE;
				MTL_FAST_MATH = YES;
				ONLY_ACTIVE_ARCH = YES;
				SDKROOT = iphoneos;
				SWIFT_ACTIVE_COMPILATION_CONDITIONS = DEBUG;
				SWIFT_OPTIMIZATION_LEVEL = "-Onone";
			};
			name = Debug;
		};
		1F29FF6E2391B28A008A0F48 /* Release */ = {
			isa = XCBuildConfiguration;
			buildSettings = {
				ALWAYS_SEARCH_USER_PATHS = NO;
				CLANG_ANALYZER_NONNULL = YES;
				CLANG_ANALYZER_NUMBER_OBJECT_CONVERSION = YES_AGGRESSIVE;
				CLANG_CXX_LANGUAGE_STANDARD = "gnu++14";
				CLANG_CXX_LIBRARY = "libc++";
				CLANG_ENABLE_MODULES = YES;
				CLANG_ENABLE_OBJC_ARC = YES;
				CLANG_ENABLE_OBJC_WEAK = YES;
				CLANG_WARN_BLOCK_CAPTURE_AUTORELEASING = YES;
				CLANG_WARN_BOOL_CONVERSION = YES;
				CLANG_WARN_COMMA = YES;
				CLANG_WARN_CONSTANT_CONVERSION = YES;
				CLANG_WARN_DEPRECATED_OBJC_IMPLEMENTATIONS = YES;
				CLANG_WARN_DIRECT_OBJC_ISA_USAGE = YES_ERROR;
				CLANG_WARN_DOCUMENTATION_COMMENTS = YES;
				CLANG_WARN_EMPTY_BODY = YES;
				CLANG_WARN_ENUM_CONVERSION = YES;
				CLANG_WARN_INFINITE_RECURSION = YES;
				CLANG_WARN_INT_CONVERSION = YES;
				CLANG_WARN_NON_LITERAL_NULL_CONVERSION = YES;
				CLANG_WARN_OBJC_IMPLICIT_RETAIN_SELF = YES;
				CLANG_WARN_OBJC_LITERAL_CONVERSION = YES;
				CLANG_WARN_OBJC_ROOT_CLASS = YES_ERROR;
				CLANG_WARN_RANGE_LOOP_ANALYSIS = YES;
				CLANG_WARN_STRICT_PROTOTYPES = YES;
				CLANG_WARN_SUSPICIOUS_MOVE = YES;
				CLANG_WARN_UNGUARDED_AVAILABILITY = YES_AGGRESSIVE;
				CLANG_WARN_UNREACHABLE_CODE = YES;
				CLANG_WARN__DUPLICATE_METHOD_MATCH = YES;
				COPY_PHASE_STRIP = NO;
				DEBUG_INFORMATION_FORMAT = "dwarf-with-dsym";
				ENABLE_NS_ASSERTIONS = NO;
				ENABLE_STRICT_OBJC_MSGSEND = YES;
				GCC_C_LANGUAGE_STANDARD = gnu11;
				GCC_NO_COMMON_BLOCKS = YES;
				GCC_WARN_64_TO_32_BIT_CONVERSION = YES;
				GCC_WARN_ABOUT_RETURN_TYPE = YES_ERROR;
				GCC_WARN_UNDECLARED_SELECTOR = YES;
				GCC_WARN_UNINITIALIZED_AUTOS = YES_AGGRESSIVE;
				GCC_WARN_UNUSED_FUNCTION = YES;
				GCC_WARN_UNUSED_VARIABLE = YES;
				IPHONEOS_DEPLOYMENT_TARGET = 13.2;
				MTL_ENABLE_DEBUG_INFO = NO;
				MTL_FAST_MATH = YES;
				SDKROOT = iphoneos;
				SWIFT_COMPILATION_MODE = wholemodule;
				SWIFT_OPTIMIZATION_LEVEL = "-O";
				VALIDATE_PRODUCT = YES;
			};
			name = Release;
		};
		1F29FF702391B28A008A0F48 /* Debug */ = {
			isa = XCBuildConfiguration;
			buildSettings = {
				ASSETCATALOG_COMPILER_APPICON_NAME = AppIcon;
				CODE_SIGN_STYLE = Automatic;
				DEVELOPMENT_TEAM = D7YUP95B7J;
				INFOPLIST_FILE = "Field Survey/Info.plist";
				LD_RUNPATH_SEARCH_PATHS = (
					"$(inherited)",
					"@executable_path/Frameworks",
				);
				PRODUCT_BUNDLE_IDENTIFIER = "edu.missouri.Field-Survey";
				PRODUCT_NAME = "$(TARGET_NAME)";
				SWIFT_VERSION = 5.0;
				TARGETED_DEVICE_FAMILY = "1,2";
			};
			name = Debug;
		};
		1F29FF712391B28A008A0F48 /* Release */ = {
			isa = XCBuildConfiguration;
			buildSettings = {
				ASSETCATALOG_COMPILER_APPICON_NAME = AppIcon;
				CODE_SIGN_STYLE = Automatic;
				DEVELOPMENT_TEAM = D7YUP95B7J;
				INFOPLIST_FILE = "Field Survey/Info.plist";
				LD_RUNPATH_SEARCH_PATHS = (
					"$(inherited)",
					"@executable_path/Frameworks",
				);
				PRODUCT_BUNDLE_IDENTIFIER = "edu.missouri.Field-Survey";
				PRODUCT_NAME = "$(TARGET_NAME)";
				SWIFT_VERSION = 5.0;
				TARGETED_DEVICE_FAMILY = "1,2";
			};
			name = Release;
		};
		1F29FF732391B28A008A0F48 /* Debug */ = {
			isa = XCBuildConfiguration;
			buildSettings = {
				ALWAYS_EMBED_SWIFT_STANDARD_LIBRARIES = YES;
				BUNDLE_LOADER = "$(TEST_HOST)";
				CODE_SIGN_STYLE = Automatic;
				DEVELOPMENT_TEAM = D7YUP95B7J;
				INFOPLIST_FILE = "Field SurveyTests/Info.plist";
				IPHONEOS_DEPLOYMENT_TARGET = 13.2;
				LD_RUNPATH_SEARCH_PATHS = (
					"$(inherited)",
					"@executable_path/Frameworks",
					"@loader_path/Frameworks",
				);
				PRODUCT_BUNDLE_IDENTIFIER = "edu.missouri.Field-SurveyTests";
				PRODUCT_NAME = "$(TARGET_NAME)";
				SWIFT_VERSION = 5.0;
				TARGETED_DEVICE_FAMILY = "1,2";
				TEST_HOST = "$(BUILT_PRODUCTS_DIR)/Field Survey.app/Field Survey";
			};
			name = Debug;
		};
		1F29FF742391B28A008A0F48 /* Release */ = {
			isa = XCBuildConfiguration;
			buildSettings = {
				ALWAYS_EMBED_SWIFT_STANDARD_LIBRARIES = YES;
				BUNDLE_LOADER = "$(TEST_HOST)";
				CODE_SIGN_STYLE = Automatic;
				DEVELOPMENT_TEAM = D7YUP95B7J;
				INFOPLIST_FILE = "Field SurveyTests/Info.plist";
				IPHONEOS_DEPLOYMENT_TARGET = 13.2;
				LD_RUNPATH_SEARCH_PATHS = (
					"$(inherited)",
					"@executable_path/Frameworks",
					"@loader_path/Frameworks",
				);
				PRODUCT_BUNDLE_IDENTIFIER = "edu.missouri.Field-SurveyTests";
				PRODUCT_NAME = "$(TARGET_NAME)";
				SWIFT_VERSION = 5.0;
				TARGETED_DEVICE_FAMILY = "1,2";
				TEST_HOST = "$(BUILT_PRODUCTS_DIR)/Field Survey.app/Field Survey";
			};
			name = Release;
		};
		1F29FF762391B28A008A0F48 /* Debug */ = {
			isa = XCBuildConfiguration;
			buildSettings = {
				ALWAYS_EMBED_SWIFT_STANDARD_LIBRARIES = YES;
				CODE_SIGN_STYLE = Automatic;
				DEVELOPMENT_TEAM = D7YUP95B7J;
				INFOPLIST_FILE = "Field SurveyUITests/Info.plist";
				LD_RUNPATH_SEARCH_PATHS = (
					"$(inherited)",
					"@executable_path/Frameworks",
					"@loader_path/Frameworks",
				);
				PRODUCT_BUNDLE_IDENTIFIER = "edu.missouri.Field-SurveyUITests";
				PRODUCT_NAME = "$(TARGET_NAME)";
				SWIFT_VERSION = 5.0;
				TARGETED_DEVICE_FAMILY = "1,2";
				TEST_TARGET_NAME = "Field Survey";
			};
			name = Debug;
		};
		1F29FF772391B28A008A0F48 /* Release */ = {
			isa = XCBuildConfiguration;
			buildSettings = {
				ALWAYS_EMBED_SWIFT_STANDARD_LIBRARIES = YES;
				CODE_SIGN_STYLE = Automatic;
				DEVELOPMENT_TEAM = D7YUP95B7J;
				INFOPLIST_FILE = "Field SurveyUITests/Info.plist";
				LD_RUNPATH_SEARCH_PATHS = (
					"$(inherited)",
					"@executable_path/Frameworks",
					"@loader_path/Frameworks",
				);
				PRODUCT_BUNDLE_IDENTIFIER = "edu.missouri.Field-SurveyUITests";
				PRODUCT_NAME = "$(TARGET_NAME)";
				SWIFT_VERSION = 5.0;
				TARGETED_DEVICE_FAMILY = "1,2";
				TEST_TARGET_NAME = "Field Survey";
			};
			name = Release;
		};
/* End XCBuildConfiguration section */

/* Begin XCConfigurationList section */
		1F29FF402391B289008A0F48 /* Build configuration list for PBXProject "Field Survey" */ = {
			isa = XCConfigurationList;
			buildConfigurations = (
				1F29FF6D2391B28A008A0F48 /* Debug */,
				1F29FF6E2391B28A008A0F48 /* Release */,
			);
			defaultConfigurationIsVisible = 0;
			defaultConfigurationName = Release;
		};
		1F29FF6F2391B28A008A0F48 /* Build configuration list for PBXNativeTarget "Field Survey" */ = {
			isa = XCConfigurationList;
			buildConfigurations = (
				1F29FF702391B28A008A0F48 /* Debug */,
				1F29FF712391B28A008A0F48 /* Release */,
			);
			defaultConfigurationIsVisible = 0;
			defaultConfigurationName = Release;
		};
		1F29FF722391B28A008A0F48 /* Build configuration list for PBXNativeTarget "Field SurveyTests" */ = {
			isa = XCConfigurationList;
			buildConfigurations = (
				1F29FF732391B28A008A0F48 /* Debug */,
				1F29FF742391B28A008A0F48 /* Release */,
			);
			defaultConfigurationIsVisible = 0;
			defaultConfigurationName = Release;
		};
		1F29FF752391B28A008A0F48 /* Build configuration list for PBXNativeTarget "Field SurveyUITests" */ = {
			isa = XCConfigurationList;
			buildConfigurations = (
				1F29FF762391B28A008A0F48 /* Debug */,
				1F29FF772391B28A008A0F48 /* Release */,
			);
			defaultConfigurationIsVisible = 0;
			defaultConfigurationName = Release;
		};
/* End XCConfigurationList section */
	};
	rootObject = 1F29FF3D2391B289008A0F48 /* Project object */;
}
